
Microsoft Visual Studio Solution File, Format Version 12.00
# Visual Studio 15
VisualStudioVersion = 15.0.28010.2036
MinimumVisualStudioVersion = 10.0.40219.1
Project("{FAE04EC0-301F-11D3-BF4B-00C04F79EFBC}") = "LP.Android", "LP\LP.Android\LP.Android.csproj", "{B8BF1C08-685C-4F3F-8E1E-D26302B45DDD}"
EndProject
Project("{FAE04EC0-301F-11D3-BF4B-00C04F79EFBC}") = "LP.iOS", "LP\LP.iOS\LP.iOS.csproj", "{34E4D845-A0D8-464B-A6C6-4DCF0D67A8E1}"
EndProject
Project("{FAE04EC0-301F-11D3-BF4B-00C04F79EFBC}") = "LP.UWP", "LP\LP.UWP\LP.UWP.csproj", "{8DC3A90F-6D03-41A4-BA74-3388E8D5BF08}"
EndProject
Project("{FAE04EC0-301F-11D3-BF4B-00C04F79EFBC}") = "LP", "LP\LP\LP.csproj", "{76029242-9C7E-4D0E-890D-BCECCBE4E993}"
EndProject
Global
	GlobalSection(SolutionConfigurationPlatforms) = preSolution
		Debug|Any CPU = Debug|Any CPU
		Debug|ARM = Debug|ARM
		Debug|iPhone = Debug|iPhone
		Debug|iPhoneSimulator = Debug|iPhoneSimulator
		Debug|x64 = Debug|x64
		Debug|x86 = Debug|x86
		Release|Any CPU = Release|Any CPU
		Release|ARM = Release|ARM
		Release|iPhone = Release|iPhone
		Release|iPhoneSimulator = Release|iPhoneSimulator
		Release|x64 = Release|x64
		Release|x86 = Release|x86
	EndGlobalSection
	GlobalSection(ProjectConfigurationPlatforms) = postSolution
		{B8BF1C08-685C-4F3F-8E1E-D26302B45DDD}.Debug|Any CPU.ActiveCfg = Debug|Any CPU
		{B8BF1C08-685C-4F3F-8E1E-D26302B45DDD}.Debug|Any CPU.Build.0 = Debug|Any CPU
		{B8BF1C08-685C-4F3F-8E1E-D26302B45DDD}.Debug|Any CPU.Deploy.0 = Debug|Any CPU
		{B8BF1C08-685C-4F3F-8E1E-D26302B45DDD}.Debug|ARM.ActiveCfg = Debug|Any CPU
		{B8BF1C08-685C-4F3F-8E1E-D26302B45DDD}.Debug|ARM.Build.0 = Debug|Any CPU
		{B8BF1C08-685C-4F3F-8E1E-D26302B45DDD}.Debug|ARM.Deploy.0 = Debug|Any CPU
		{B8BF1C08-685C-4F3F-8E1E-D26302B45DDD}.Debug|iPhone.ActiveCfg = Debug|Any CPU
		{B8BF1C08-685C-4F3F-8E1E-D26302B45DDD}.Debug|iPhone.Build.0 = Debug|Any CPU
		{B8BF1C08-685C-4F3F-8E1E-D26302B45DDD}.Debug|iPhone.Deploy.0 = Debug|Any CPU
		{B8BF1C08-685C-4F3F-8E1E-D26302B45DDD}.Debug|iPhoneSimulator.ActiveCfg = Debug|Any CPU
		{B8BF1C08-685C-4F3F-8E1E-D26302B45DDD}.Debug|iPhoneSimulator.Build.0 = Debug|Any CPU
		{B8BF1C08-685C-4F3F-8E1E-D26302B45DDD}.Debug|iPhoneSimulator.Deploy.0 = Debug|Any CPU
		{B8BF1C08-685C-4F3F-8E1E-D26302B45DDD}.Debug|x64.ActiveCfg = Debug|Any CPU
		{B8BF1C08-685C-4F3F-8E1E-D26302B45DDD}.Debug|x64.Build.0 = Debug|Any CPU
		{B8BF1C08-685C-4F3F-8E1E-D26302B45DDD}.Debug|x64.Deploy.0 = Debug|Any CPU
		{B8BF1C08-685C-4F3F-8E1E-D26302B45DDD}.Debug|x86.ActiveCfg = Debug|Any CPU
		{B8BF1C08-685C-4F3F-8E1E-D26302B45DDD}.Debug|x86.Build.0 = Debug|Any CPU
		{B8BF1C08-685C-4F3F-8E1E-D26302B45DDD}.Debug|x86.Deploy.0 = Debug|Any CPU
		{B8BF1C08-685C-4F3F-8E1E-D26302B45DDD}.Release|Any CPU.ActiveCfg = Release|Any CPU
		{B8BF1C08-685C-4F3F-8E1E-D26302B45DDD}.Release|Any CPU.Build.0 = Release|Any CPU
		{B8BF1C08-685C-4F3F-8E1E-D26302B45DDD}.Release|Any CPU.Deploy.0 = Release|Any CPU
		{B8BF1C08-685C-4F3F-8E1E-D26302B45DDD}.Release|ARM.ActiveCfg = Release|Any CPU
		{B8BF1C08-685C-4F3F-8E1E-D26302B45DDD}.Release|ARM.Build.0 = Release|Any CPU
		{B8BF1C08-685C-4F3F-8E1E-D26302B45DDD}.Release|ARM.Deploy.0 = Release|Any CPU
		{B8BF1C08-685C-4F3F-8E1E-D26302B45DDD}.Release|iPhone.ActiveCfg = Release|Any CPU
		{B8BF1C08-685C-4F3F-8E1E-D26302B45DDD}.Release|iPhone.Build.0 = Release|Any CPU
		{B8BF1C08-685C-4F3F-8E1E-D26302B45DDD}.Release|iPhone.Deploy.0 = Release|Any CPU
		{B8BF1C08-685C-4F3F-8E1E-D26302B45DDD}.Release|iPhoneSimulator.ActiveCfg = Release|Any CPU
		{B8BF1C08-685C-4F3F-8E1E-D26302B45DDD}.Release|iPhoneSimulator.Build.0 = Release|Any CPU
		{B8BF1C08-685C-4F3F-8E1E-D26302B45DDD}.Release|iPhoneSimulator.Deploy.0 = Release|Any CPU
		{B8BF1C08-685C-4F3F-8E1E-D26302B45DDD}.Release|x64.ActiveCfg = Release|Any CPU
		{B8BF1C08-685C-4F3F-8E1E-D26302B45DDD}.Release|x64.Build.0 = Release|Any CPU
		{B8BF1C08-685C-4F3F-8E1E-D26302B45DDD}.Release|x64.Deploy.0 = Release|Any CPU
		{B8BF1C08-685C-4F3F-8E1E-D26302B45DDD}.Release|x86.ActiveCfg = Release|Any CPU
		{B8BF1C08-685C-4F3F-8E1E-D26302B45DDD}.Release|x86.Build.0 = Release|Any CPU
		{B8BF1C08-685C-4F3F-8E1E-D26302B45DDD}.Release|x86.Deploy.0 = Release|Any CPU
		{34E4D845-A0D8-464B-A6C6-4DCF0D67A8E1}.Debug|Any CPU.ActiveCfg = Debug|iPhoneSimulator
		{34E4D845-A0D8-464B-A6C6-4DCF0D67A8E1}.Debug|Any CPU.Build.0 = Debug|iPhoneSimulator
		{34E4D845-A0D8-464B-A6C6-4DCF0D67A8E1}.Debug|Any CPU.Deploy.0 = Debug|iPhoneSimulator
		{34E4D845-A0D8-464B-A6C6-4DCF0D67A8E1}.Debug|ARM.ActiveCfg = Debug|iPhone
		{34E4D845-A0D8-464B-A6C6-4DCF0D67A8E1}.Debug|ARM.Build.0 = Debug|iPhone
		{34E4D845-A0D8-464B-A6C6-4DCF0D67A8E1}.Debug|ARM.Deploy.0 = Debug|iPhone
		{34E4D845-A0D8-464B-A6C6-4DCF0D67A8E1}.Debug|iPhone.ActiveCfg = Debug|iPhone
		{34E4D845-A0D8-464B-A6C6-4DCF0D67A8E1}.Debug|iPhone.Build.0 = Debug|iPhone
		{34E4D845-A0D8-464B-A6C6-4DCF0D67A8E1}.Debug|iPhone.Deploy.0 = Debug|iPhone
		{34E4D845-A0D8-464B-A6C6-4DCF0D67A8E1}.Debug|iPhoneSimulator.ActiveCfg = Debug|iPhoneSimulator
		{34E4D845-A0D8-464B-A6C6-4DCF0D67A8E1}.Debug|iPhoneSimulator.Build.0 = Debug|iPhoneSimulator
		{34E4D845-A0D8-464B-A6C6-4DCF0D67A8E1}.Debug|iPhoneSimulator.Deploy.0 = Debug|iPhoneSimulator
		{34E4D845-A0D8-464B-A6C6-4DCF0D67A8E1}.Debug|x64.ActiveCfg = Debug|iPhone
		{34E4D845-A0D8-464B-A6C6-4DCF0D67A8E1}.Debug|x64.Build.0 = Debug|iPhone
		{34E4D845-A0D8-464B-A6C6-4DCF0D67A8E1}.Debug|x64.Deploy.0 = Debug|iPhone
		{34E4D845-A0D8-464B-A6C6-4DCF0D67A8E1}.Debug|x86.ActiveCfg = Debug|iPhone
		{34E4D845-A0D8-464B-A6C6-4DCF0D67A8E1}.Debug|x86.Build.0 = Debug|iPhone
		{34E4D845-A0D8-464B-A6C6-4DCF0D67A8E1}.Debug|x86.Deploy.0 = Debug|iPhone
		{34E4D845-A0D8-464B-A6C6-4DCF0D67A8E1}.Release|Any CPU.ActiveCfg = Release|iPhone
		{34E4D845-A0D8-464B-A6C6-4DCF0D67A8E1}.Release|Any CPU.Build.0 = Release|iPhone
		{34E4D845-A0D8-464B-A6C6-4DCF0D67A8E1}.Release|Any CPU.Deploy.0 = Release|iPhone
		{34E4D845-A0D8-464B-A6C6-4DCF0D67A8E1}.Release|ARM.ActiveCfg = Release|iPhone
		{34E4D845-A0D8-464B-A6C6-4DCF0D67A8E1}.Release|ARM.Build.0 = Release|iPhone
		{34E4D845-A0D8-464B-A6C6-4DCF0D67A8E1}.Release|ARM.Deploy.0 = Release|iPhone
		{34E4D845-A0D8-464B-A6C6-4DCF0D67A8E1}.Release|iPhone.ActiveCfg = Release|iPhone
		{34E4D845-A0D8-464B-A6C6-4DCF0D67A8E1}.Release|iPhone.Build.0 = Release|iPhone
		{34E4D845-A0D8-464B-A6C6-4DCF0D67A8E1}.Release|iPhone.Deploy.0 = Release|iPhone
		{34E4D845-A0D8-464B-A6C6-4DCF0D67A8E1}.Release|iPhoneSimulator.ActiveCfg = Release|iPhoneSimulator
		{34E4D845-A0D8-464B-A6C6-4DCF0D67A8E1}.Release|iPhoneSimulator.Build.0 = Release|iPhoneSimulator
		{34E4D845-A0D8-464B-A6C6-4DCF0D67A8E1}.Release|iPhoneSimulator.Deploy.0 = Release|iPhoneSimulator
		{34E4D845-A0D8-464B-A6C6-4DCF0D67A8E1}.Release|x64.ActiveCfg = Release|iPhone
		{34E4D845-A0D8-464B-A6C6-4DCF0D67A8E1}.Release|x64.Build.0 = Release|iPhone
		{34E4D845-A0D8-464B-A6C6-4DCF0D67A8E1}.Release|x64.Deploy.0 = Release|iPhone
		{34E4D845-A0D8-464B-A6C6-4DCF0D67A8E1}.Release|x86.ActiveCfg = Release|iPhone
		{34E4D845-A0D8-464B-A6C6-4DCF0D67A8E1}.Release|x86.Build.0 = Release|iPhone
		{34E4D845-A0D8-464B-A6C6-4DCF0D67A8E1}.Release|x86.Deploy.0 = Release|iPhone
		{8DC3A90F-6D03-41A4-BA74-3388E8D5BF08}.Debug|Any CPU.ActiveCfg = Debug|x86
		{8DC3A90F-6D03-41A4-BA74-3388E8D5BF08}.Debug|Any CPU.Build.0 = Debug|x86
		{8DC3A90F-6D03-41A4-BA74-3388E8D5BF08}.Debug|Any CPU.Deploy.0 = Debug|x86
		{8DC3A90F-6D03-41A4-BA74-3388E8D5BF08}.Debug|ARM.ActiveCfg = Debug|ARM
		{8DC3A90F-6D03-41A4-BA74-3388E8D5BF08}.Debug|ARM.Build.0 = Debug|ARM
		{8DC3A90F-6D03-41A4-BA74-3388E8D5BF08}.Debug|ARM.Deploy.0 = Debug|ARM
		{8DC3A90F-6D03-41A4-BA74-3388E8D5BF08}.Debug|iPhone.ActiveCfg = Debug|x86
		{8DC3A90F-6D03-41A4-BA74-3388E8D5BF08}.Debug|iPhone.Build.0 = Debug|x86
		{8DC3A90F-6D03-41A4-BA74-3388E8D5BF08}.Debug|iPhone.Deploy.0 = Debug|x86
		{8DC3A90F-6D03-41A4-BA74-3388E8D5BF08}.Debug|iPhoneSimulator.ActiveCfg = Debug|x86
		{8DC3A90F-6D03-41A4-BA74-3388E8D5BF08}.Debug|iPhoneSimulator.Build.0 = Debug|x86
		{8DC3A90F-6D03-41A4-BA74-3388E8D5BF08}.Debug|iPhoneSimulator.Deploy.0 = Debug|x86
		{8DC3A90F-6D03-41A4-BA74-3388E8D5BF08}.Debug|x64.ActiveCfg = Debug|x64
		{8DC3A90F-6D03-41A4-BA74-3388E8D5BF08}.Debug|x64.Build.0 = Debug|x64
		{8DC3A90F-6D03-41A4-BA74-3388E8D5BF08}.Debug|x64.Deploy.0 = Debug|x64
		{8DC3A90F-6D03-41A4-BA74-3388E8D5BF08}.Debug|x86.ActiveCfg = Debug|x86
		{8DC3A90F-6D03-41A4-BA74-3388E8D5BF08}.Debug|x86.Build.0 = Debug|x86
		{8DC3A90F-6D03-41A4-BA74-3388E8D5BF08}.Debug|x86.Deploy.0 = Debug|x86
		{8DC3A90F-6D03-41A4-BA74-3388E8D5BF08}.Release|Any CPU.ActiveCfg = Release|x86
		{8DC3A90F-6D03-41A4-BA74-3388E8D5BF08}.Release|Any CPU.Build.0 = Release|x86
		{8DC3A90F-6D03-41A4-BA74-3388E8D5BF08}.Release|Any CPU.Deploy.0 = Release|x86
		{8DC3A90F-6D03-41A4-BA74-3388E8D5BF08}.Release|ARM.ActiveCfg = Release|ARM
		{8DC3A90F-6D03-41A4-BA74-3388E8D5BF08}.Release|ARM.Build.0 = Release|ARM
		{8DC3A90F-6D03-41A4-BA74-3388E8D5BF08}.Release|ARM.Deploy.0 = Release|ARM
		{8DC3A90F-6D03-41A4-BA74-3388E8D5BF08}.Release|iPhone.ActiveCfg = Release|x86
		{8DC3A90F-6D03-41A4-BA74-3388E8D5BF08}.Release|iPhone.Build.0 = Release|x86
		{8DC3A90F-6D03-41A4-BA74-3388E8D5BF08}.Release|iPhone.Deploy.0 = Release|x86
		{8DC3A90F-6D03-41A4-BA74-3388E8D5BF08}.Release|iPhoneSimulator.ActiveCfg = Release|x86
		{8DC3A90F-6D03-41A4-BA74-3388E8D5BF08}.Release|iPhoneSimulator.Build.0 = Release|x86
		{8DC3A90F-6D03-41A4-BA74-3388E8D5BF08}.Release|iPhoneSimulator.Deploy.0 = Release|x86
		{8DC3A90F-6D03-41A4-BA74-3388E8D5BF08}.Release|x64.ActiveCfg = Release|x64
		{8DC3A90F-6D03-41A4-BA74-3388E8D5BF08}.Release|x64.Build.0 = Release|x64
		{8DC3A90F-6D03-41A4-BA74-3388E8D5BF08}.Release|x64.Deploy.0 = Release|x64
		{8DC3A90F-6D03-41A4-BA74-3388E8D5BF08}.Release|x86.ActiveCfg = Release|x86
		{8DC3A90F-6D03-41A4-BA74-3388E8D5BF08}.Release|x86.Build.0 = Release|x86
		{8DC3A90F-6D03-41A4-BA74-3388E8D5BF08}.Release|x86.Deploy.0 = Release|x86
		{76029242-9C7E-4D0E-890D-BCECCBE4E993}.Debug|Any CPU.ActiveCfg = Debug|Any CPU
		{76029242-9C7E-4D0E-890D-BCECCBE4E993}.Debug|Any CPU.Build.0 = Debug|Any CPU
		{76029242-9C7E-4D0E-890D-BCECCBE4E993}.Debug|Any CPU.Deploy.0 = Debug|Any CPU
		{76029242-9C7E-4D0E-890D-BCECCBE4E993}.Debug|ARM.ActiveCfg = Debug|Any CPU
		{76029242-9C7E-4D0E-890D-BCECCBE4E993}.Debug|ARM.Build.0 = Debug|Any CPU
		{76029242-9C7E-4D0E-890D-BCECCBE4E993}.Debug|ARM.Deploy.0 = Debug|Any CPU
		{76029242-9C7E-4D0E-890D-BCECCBE4E993}.Debug|iPhone.ActiveCfg = Debug|Any CPU
		{76029242-9C7E-4D0E-890D-BCECCBE4E993}.Debug|iPhone.Build.0 = Debug|Any CPU
		{76029242-9C7E-4D0E-890D-BCECCBE4E993}.Debug|iPhone.Deploy.0 = Debug|Any CPU
		{76029242-9C7E-4D0E-890D-BCECCBE4E993}.Debug|iPhoneSimulator.ActiveCfg = Debug|Any CPU
		{76029242-9C7E-4D0E-890D-BCECCBE4E993}.Debug|iPhoneSimulator.Build.0 = Debug|Any CPU
		{76029242-9C7E-4D0E-890D-BCECCBE4E993}.Debug|iPhoneSimulator.Deploy.0 = Debug|Any CPU
		{76029242-9C7E-4D0E-890D-BCECCBE4E993}.Debug|x64.ActiveCfg = Debug|Any CPU
		{76029242-9C7E-4D0E-890D-BCECCBE4E993}.Debug|x64.Build.0 = Debug|Any CPU
		{76029242-9C7E-4D0E-890D-BCECCBE4E993}.Debug|x64.Deploy.0 = Debug|Any CPU
		{76029242-9C7E-4D0E-890D-BCECCBE4E993}.Debug|x86.ActiveCfg = Debug|Any CPU
		{76029242-9C7E-4D0E-890D-BCECCBE4E993}.Debug|x86.Build.0 = Debug|Any CPU
		{76029242-9C7E-4D0E-890D-BCECCBE4E993}.Debug|x86.Deploy.0 = Debug|Any CPU
		{76029242-9C7E-4D0E-890D-BCECCBE4E993}.Release|Any CPU.ActiveCfg = Release|Any CPU
		{76029242-9C7E-4D0E-890D-BCECCBE4E993}.Release|Any CPU.Build.0 = Release|Any CPU
		{76029242-9C7E-4D0E-890D-BCECCBE4E993}.Release|Any CPU.Deploy.0 = Release|Any CPU
		{76029242-9C7E-4D0E-890D-BCECCBE4E993}.Release|ARM.ActiveCfg = Release|Any CPU
		{76029242-9C7E-4D0E-890D-BCECCBE4E993}.Release|ARM.Build.0 = Release|Any CPU
		{76029242-9C7E-4D0E-890D-BCECCBE4E993}.Release|ARM.Deploy.0 = Release|Any CPU
		{76029242-9C7E-4D0E-890D-BCECCBE4E993}.Release|iPhone.ActiveCfg = Release|Any CPU
		{76029242-9C7E-4D0E-890D-BCECCBE4E993}.Release|iPhone.Build.0 = Release|Any CPU
		{76029242-9C7E-4D0E-890D-BCECCBE4E993}.Release|iPhone.Deploy.0 = Release|Any CPU
		{76029242-9C7E-4D0E-890D-BCECCBE4E993}.Release|iPhoneSimulator.ActiveCfg = Release|Any CPU
		{76029242-9C7E-4D0E-890D-BCECCBE4E993}.Release|iPhoneSimulator.Build.0 = Release|Any CPU
		{76029242-9C7E-4D0E-890D-BCECCBE4E993}.Release|iPhoneSimulator.Deploy.0 = Release|Any CPU
		{76029242-9C7E-4D0E-890D-BCECCBE4E993}.Release|x64.ActiveCfg = Release|Any CPU
		{76029242-9C7E-4D0E-890D-BCECCBE4E993}.Release|x64.Build.0 = Release|Any CPU
		{76029242-9C7E-4D0E-890D-BCECCBE4E993}.Release|x64.Deploy.0 = Release|Any CPU
		{76029242-9C7E-4D0E-890D-BCECCBE4E993}.Release|x86.ActiveCfg = Release|Any CPU
		{76029242-9C7E-4D0E-890D-BCECCBE4E993}.Release|x86.Build.0 = Release|Any CPU
		{76029242-9C7E-4D0E-890D-BCECCBE4E993}.Release|x86.Deploy.0 = Release|Any CPU
	EndGlobalSection
	GlobalSection(SolutionProperties) = preSolution
		HideSolutionNode = FALSE
	EndGlobalSection
	GlobalSection(ExtensibilityGlobals) = postSolution
		SolutionGuid = {44E57F11-4A7D-4AAE-9FB3-E51ADBC84521}
	EndGlobalSection
EndGlobal
